
Microsoft Visual Studio Solution File, Format Version 12.00
# Visual Studio Version 16
VisualStudioVersion = 16.0.28803.202
MinimumVisualStudioVersion = 10.0.40219.1
Project("{FAE04EC0-301F-11D3-BF4B-00C04F79EFBC}") = "Problem1", "Problem1\Problem1.csproj", "{D50EEDCE-A826-4490-8A89-AE9D14C15237}"
EndProject
Project("{FAE04EC0-301F-11D3-BF4B-00C04F79EFBC}") = "Problem2", "Problem2\Problem2.csproj", "{461FEE3B-F720-4BBE-9CF3-0B217789EF3E}"
EndProject
Global
	GlobalSection(SolutionConfigurationPlatforms) = preSolution
		Debug|Any CPU = Debug|Any CPU
		Release|Any CPU = Release|Any CPU
	EndGlobalSection
	GlobalSection(ProjectConfigurationPlatforms) = postSolution
		{D50EEDCE-A826-4490-8A89-AE9D14C15237}.Debug|Any CPU.ActiveCfg = Debug|Any CPU
		{D50EEDCE-A826-4490-8A89-AE9D14C15237}.Debug|Any CPU.Build.0 = Debug|Any CPU
		{D50EEDCE-A826-4490-8A89-AE9D14C15237}.Release|Any CPU.ActiveCfg = Release|Any CPU
		{D50EEDCE-A826-4490-8A89-AE9D14C15237}.Release|Any CPU.Build.0 = Release|Any CPU
		{461FEE3B-F720-4BBE-9CF3-0B217789EF3E}.Debug|Any CPU.ActiveCfg = Debug|Any CPU
		{461FEE3B-F720-4BBE-9CF3-0B217789EF3E}.Debug|Any CPU.Build.0 = Debug|Any CPU
		{461FEE3B-F720-4BBE-9CF3-0B217789EF3E}.Release|Any CPU.ActiveCfg = Release|Any CPU
		{461FEE3B-F720-4BBE-9CF3-0B217789EF3E}.Release|Any CPU.Build.0 = Release|Any CPU
	EndGlobalSection
	GlobalSection(SolutionProperties) = preSolution
		HideSolutionNode = FALSE
	EndGlobalSection
	GlobalSection(ExtensibilityGlobals) = postSolution
		SolutionGuid = {DD642612-2CF1-48F5-984F-AEC08F375E53}
	EndGlobalSection
EndGlobal
